<?xml version="1.0" encoding="utf-8"?>
<Project ToolsVersion="4.0" xmlns="http://schemas.microsoft.com/developer/msbuild/2003">
  <ItemGroup>
    <Filter Include="Source Files">
      <UniqueIdentifier>{4FC737F1-C7A5-4376-A066-2A32D752A2FF}</UniqueIdentifier>
      <Extensions>cpp;c;cc;cxx;c++;cppm;ixx;def;odl;idl;hpj;bat;asm;asmx</Extensions>
    </Filter>
    <Filter Include="Header Files">
      <UniqueIdentifier>{93995380-89BD-4b04-88EB-625FBE52EBFB}</UniqueIdentifier>
      <Extensions>h;hh;hpp;hxx;h++;hm;inl;inc;ipp;xsd</Extensions>
    </Filter>
    <Filter Include="Resource Files">
      <UniqueIdentifier>{67DA6AB6-F800-4c08-8B7A-83BB121AAD01}</UniqueIdentifier>
      <Extensions>rc;ico;cur;bmp;dlg;rc2;rct;bin;rgs;gif;jpg;jpeg;jpe;resx;tiff;tif;png;wav;mfcribbon-ms</Extensions>
    </Filter>
    <Filter Include="Source Files\Object">
      <UniqueIdentifier>{cf3f6044-7d3f-455a-aeb8-dcc5533c9caf}</UniqueIdentifier>
    </Filter>
    <Filter Include="Source Files\Object\Bonus">
      <UniqueIdentifier>{493c9eca-4fb3-46dc-87b0-7c5a39cba87e}</UniqueIdentifier>
    </Filter>
    <Filter Include="Source Files\Managers/singletons">
      <UniqueIdentifier>{f5a030ec-960f-4d74-befe-8459b477e9e9}</UniqueIdentifier>
    </Filter>
  </ItemGroup>
  <ItemGroup>
    <ClInclude Include="Coords.h">
      <Filter>Header Files</Filter>
    </ClInclude>
    <ClInclude Include="Pawn.h">
      <Filter>Source Files\Object</Filter>
    </ClInclude>
    <ClInclude Include="Object.h">
      <Filter>Source Files\Object</Filter>
    </ClInclude>
    <ClInclude Include="Bomb.h">
      <Filter>Source Files\Object</Filter>
    </ClInclude>
    <ClInclude Include="Block.h">
      <Filter>Source Files\Object</Filter>
    </ClInclude>
    <ClInclude Include="Bonus.h">
      <Filter>Source Files\Object\Bonus</Filter>
    </ClInclude>
    <ClInclude Include="GigaExplosion.h">
      <Filter>Source Files\Object\Bonus</Filter>
    </ClInclude>
    <ClInclude Include="IncreaseBomb.h">
      <Filter>Source Files\Object\Bonus</Filter>
    </ClInclude>
    <ClInclude Include="InfiniteBomb.h">
      <Filter>Source Files\Object\Bonus</Filter>
    </ClInclude>
    <ClInclude Include="Invinsible.h">
      <Filter>Source Files\Object\Bonus</Filter>
    </ClInclude>
    <ClInclude Include="Player.h">
      <Filter>Header Files</Filter>
    </ClInclude>
    <ClInclude Include="BomberMan.h">
      <Filter>Header Files</Filter>
    </ClInclude>
    <ClInclude Include="Macro.h">
      <Filter>Resource Files</Filter>
    </ClInclude>
    <ClInclude Include="Color.h">
      <Filter>Resource Files</Filter>
    </ClInclude>
    <ClInclude Include="Grid.h">
      <Filter>Source Files\Managers/singletons</Filter>
    </ClInclude>
    <ClInclude Include="PawnColorManager.h">
      <Filter>Source Files\Managers/singletons</Filter>
    </ClInclude>
  </ItemGroup>
  <ItemGroup>
    <ClCompile Include="Block.cpp">
      <Filter>Source Files\Object</Filter>
    </ClCompile>
    <ClCompile Include="Bomb.cpp">
      <Filter>Source Files\Object</Filter>
    </ClCompile>
    <ClCompile Include="Object.cpp">
      <Filter>Source Files\Object</Filter>
    </ClCompile>
    <ClCompile Include="Pawn.cpp">
      <Filter>Source Files\Object</Filter>
    </ClCompile>
    <ClCompile Include="Bonus.cpp">
      <Filter>Source Files\Object\Bonus</Filter>
    </ClCompile>
    <ClCompile Include="Invinsible.cpp">
      <Filter>Source Files\Object\Bonus</Filter>
    </ClCompile>
    <ClCompile Include="GigaExplosion.cpp">
      <Filter>Source Files\Object\Bonus</Filter>
    </ClCompile>
    <ClCompile Include="IncreaseBomb.cpp">
      <Filter>Source Files\Object\Bonus</Filter>
    </ClCompile>
    <ClCompile Include="InfiniteBomb.cpp">
      <Filter>Source Files\Object\Bonus</Filter>
    </ClCompile>
    <ClCompile Include="Player.cpp">
      <Filter>Source Files</Filter>
    </ClCompile>
    <ClCompile Include="BomberMan.cpp">
      <Filter>Source Files</Filter>
    </ClCompile>
    <ClCompile Include="Main.cpp">
      <Filter>Source Files</Filter>
    </ClCompile>
    <ClCompile Include="Grid.cpp">
      <Filter>Source Files\Managers/singletons</Filter>
    </ClCompile>
    <ClCompile Include="PawnColorManager.cpp">
      <Filter>Source Files\Managers/singletons</Filter>
    </ClCompile>
  </ItemGroup>
</Project>